// !$*UTF8*$!
{
	archiveVersion = 1;
	classes = {
	};
	objectVersion = 55;
	objects = {

/* Begin PBXBuildFile section */
		FD1DED3428B119E800D4A485 /* AppDelegate.swift in Sources */ = {isa = PBXBuildFile; fileRef = FD1DED3328B119E800D4A485 /* AppDelegate.swift */; };
		FD1DED3628B119E800D4A485 /* SceneDelegate.swift in Sources */ = {isa = PBXBuildFile; fileRef = FD1DED3528B119E800D4A485 /* SceneDelegate.swift */; };
		FD1DED3828B119E800D4A485 /* ViewController.swift in Sources */ = {isa = PBXBuildFile; fileRef = FD1DED3728B119E800D4A485 /* ViewController.swift */; };
		FD1DED3B28B119E800D4A485 /* Main.storyboard in Resources */ = {isa = PBXBuildFile; fileRef = FD1DED3928B119E800D4A485 /* Main.storyboard */; };
		FD1DED3D28B119E900D4A485 /* Assets.xcassets in Resources */ = {isa = PBXBuildFile; fileRef = FD1DED3C28B119E900D4A485 /* Assets.xcassets */; };
		FD1DED4028B119E900D4A485 /* LaunchScreen.storyboard in Resources */ = {isa = PBXBuildFile; fileRef = FD1DED3E28B119E900D4A485 /* LaunchScreen.storyboard */; };
		FD1DED4E28B11A6900D4A485 /* MOMultiTabContainerViewController.swift in Sources */ = {isa = PBXBuildFile; fileRef = FD1DED4728B11A6900D4A485 /* MOMultiTabContainerViewController.swift */; };
		FD1DED4F28B11A6900D4A485 /* MOTableViewController.swift in Sources */ = {isa = PBXBuildFile; fileRef = FD1DED4828B11A6900D4A485 /* MOTableViewController.swift */; };
		FD1DED5028B11A6900D4A485 /* MOMultiResponseScrollView.swift in Sources */ = {isa = PBXBuildFile; fileRef = FD1DED4928B11A6900D4A485 /* MOMultiResponseScrollView.swift */; };
		FD1DED5128B11A6900D4A485 /* MONestedScrollViewController.swift in Sources */ = {isa = PBXBuildFile; fileRef = FD1DED4A28B11A6900D4A485 /* MONestedScrollViewController.swift */; };
		FD1DED5228B11A6900D4A485 /* MOSubScrollExecutor.swift in Sources */ = {isa = PBXBuildFile; fileRef = FD1DED4B28B11A6900D4A485 /* MOSubScrollExecutor.swift */; };
		FD1DED5328B11A6900D4A485 /* MOSubScrollViewProtocol.swift in Sources */ = {isa = PBXBuildFile; fileRef = FD1DED4C28B11A6900D4A485 /* MOSubScrollViewProtocol.swift */; };
		FD1DED5428B11A6900D4A485 /* MOWebViewController.swift in Sources */ = {isa = PBXBuildFile; fileRef = FD1DED4D28B11A6900D4A485 /* MOWebViewController.swift */; };
/* End PBXBuildFile section */

/* Begin PBXFileReference section */
		FD1DED3028B119E800D4A485 /* MONestedScrollView.app */ = {isa = PBXFileReference; explicitFileType = wrapper.application; includeInIndex = 0; path = MONestedScrollView.app; sourceTree = BUILT_PRODUCTS_DIR; };
		FD1DED3328B119E800D4A485 /* AppDelegate.swift */ = {isa = PBXFileReference; lastKnownFileType = sourcecode.swift; path = AppDelegate.swift; sourceTree = "<group>"; };
		FD1DED3528B119E800D4A485 /* SceneDelegate.swift */ = {isa = PBXFileReference; lastKnownFileType = sourcecode.swift; path = SceneDelegate.swift; sourceTree = "<group>"; };
		FD1DED3728B119E800D4A485 /* ViewController.swift */ = {isa = PBXFileReference; lastKnownFileType = sourcecode.swift; path = ViewController.swift; sourceTree = "<group>"; };
		FD1DED3A28B119E800D4A485 /* Base */ = {isa = PBXFileReference; lastKnownFileType = file.storyboard; name = Base; path = Base.lproj/Main.storyboard; sourceTree = "<group>"; };
		FD1DED3C28B119E900D4A485 /* Assets.xcassets */ = {isa = PBXFileReference; lastKnownFileType = folder.assetcatalog; path = Assets.xcassets; sourceTree = "<group>"; };
		FD1DED3F28B119E900D4A485 /* Base */ = {isa = PBXFileReference; lastKnownFileType = file.storyboard; name = Base; path = Base.lproj/LaunchScreen.storyboard; sourceTree = "<group>"; };
		FD1DED4128B119E900D4A485 /* Info.plist */ = {isa = PBXFileReference; lastKnownFileType = text.plist.xml; path = Info.plist; sourceTree = "<group>"; };
		FD1DED4728B11A6900D4A485 /* MOMultiTabContainerViewController.swift */ = {isa = PBXFileReference; fileEncoding = 4; lastKnownFileType = sourcecode.swift; path = MOMultiTabContainerViewController.swift; sourceTree = "<group>"; };
		FD1DED4828B11A6900D4A485 /* MOTableViewController.swift */ = {isa = PBXFileReference; fileEncoding = 4; lastKnownFileType = sourcecode.swift; path = MOTableViewController.swift; sourceTree = "<group>"; };
		FD1DED4928B11A6900D4A485 /* MOMultiResponseScrollView.swift */ = {isa = PBXFileReference; fileEncoding = 4; lastKnownFileType = sourcecode.swift; path = MOMultiResponseScrollView.swift; sourceTree = "<group>"; };
		FD1DED4A28B11A6900D4A485 /* MONestedScrollViewController.swift */ = {isa = PBXFileReference; fileEncoding = 4; lastKnownFileType = sourcecode.swift; path = MONestedScrollViewController.swift; sourceTree = "<group>"; };
		FD1DED4B28B11A6900D4A485 /* MOSubScrollExecutor.swift */ = {isa = PBXFileReference; fileEncoding = 4; lastKnownFileType = sourcecode.swift; path = MOSubScrollExecutor.swift; sourceTree = "<group>"; };
		FD1DED4C28B11A6900D4A485 /* MOSubScrollViewProtocol.swift */ = {isa = PBXFileReference; fileEncoding = 4; lastKnownFileType = sourcecode.swift; path = MOSubScrollViewProtocol.swift; sourceTree = "<group>"; };
		FD1DED4D28B11A6900D4A485 /* MOWebViewController.swift */ = {isa = PBXFileReference; fileEncoding = 4; lastKnownFileType = sourcecode.swift; path = MOWebViewController.swift; sourceTree = "<group>"; };
/* End PBXFileReference section */

/* Begin PBXFrameworksBuildPhase section */
		FD1DED2D28B119E800D4A485 /* Frameworks */ = {
			isa = PBXFrameworksBuildPhase;
			buildActionMask = 2147483647;
			files = (
			);
			runOnlyForDeploymentPostprocessing = 0;
		};
/* End PBXFrameworksBuildPhase section */

/* Begin PBXGroup section */
		FD1DED2728B119E800D4A485 = {
			isa = PBXGroup;
			children = (
				FD1DED3228B119E800D4A485 /* MONestedScrollView */,
				FD1DED3128B119E800D4A485 /* Products */,
			);
			sourceTree = "<group>";
		};
		FD1DED3128B119E800D4A485 /* Products */ = {
			isa = PBXGroup;
			children = (
				FD1DED3028B119E800D4A485 /* MONestedScrollView.app */,
			);
			name = Products;
			sourceTree = "<group>";
		};
		FD1DED3228B119E800D4A485 /* MONestedScrollView */ = {
			isa = PBXGroup;
			children = (
				FD1DED4128B119E900D4A485 /* Info.plist */,
				FD1DED3328B119E800D4A485 /* AppDelegate.swift */,
				FD1DED3528B119E800D4A485 /* SceneDelegate.swift */,
				FD1DED3728B119E800D4A485 /* ViewController.swift */,
				FD1DED4928B11A6900D4A485 /* MOMultiResponseScrollView.swift */,
				FD1DED4728B11A6900D4A485 /* MOMultiTabContainerViewController.swift */,
				FD1DED4A28B11A6900D4A485 /* MONestedScrollViewController.swift */,
				FD1DED4B28B11A6900D4A485 /* MOSubScrollExecutor.swift */,
				FD1DED4C28B11A6900D4A485 /* MOSubScrollViewProtocol.swift */,
				FD1DED4828B11A6900D4A485 /* MOTableViewController.swift */,
				FD1DED4D28B11A6900D4A485 /* MOWebViewController.swift */,
				FD1DED3C28B119E900D4A485 /* Assets.xcassets */,
				FD1DED3E28B119E900D4A485 /* LaunchScreen.storyboard */,
				FD1DED3928B119E800D4A485 /* Main.storyboard */,
			);
			path = MONestedScrollView;
			sourceTree = "<group>";
		};
/* End PBXGroup section */

/* Begin PBXNativeTarget section */
		FD1DED2F28B119E800D4A485 /* MONestedScrollView */ = {
			isa = PBXNativeTarget;
			buildConfigurationList = FD1DED4428B119E900D4A485 /* Build configuration list for PBXNativeTarget "MONestedScrollView" */;
			buildPhases = (
				FD1DED2C28B119E800D4A485 /* Sources */,
				FD1DED2D28B119E800D4A485 /* Frameworks */,
				FD1DED2E28B119E800D4A485 /* Resources */,
			);
			buildRules = (
			);
			dependencies = (
			);
			name = MONestedScrollView;
			productName = MONestedScrollView;
			productReference = FD1DED3028B119E800D4A485 /* MONestedScrollView.app */;
			productType = "com.apple.product-type.application";
		};
/* End PBXNativeTarget section */

/* Begin PBXProject section */
		FD1DED2828B119E800D4A485 /* Project object */ = {
			isa = PBXProject;
			attributes = {
				BuildIndependentTargetsInParallel = 1;
				LastSwiftUpdateCheck = 1320;
				LastUpgradeCheck = 1320;
				TargetAttributes = {
					FD1DED2F28B119E800D4A485 = {
						CreatedOnToolsVersion = 13.2;
					};
				};
			};
			buildConfigurationList = FD1DED2B28B119E800D4A485 /* Build configuration list for PBXProject "MONestedScrollView" */;
			compatibilityVersion = "Xcode 13.0";
			developmentRegion = en;
			hasScannedForEncodings = 0;
			knownRegions = (
				en,
				Base,
			);
			mainGroup = FD1DED2728B119E800D4A485;
			productRefGroup = FD1DED3128B119E800D4A485 /* Products */;
			projectDirPath = "";
			projectRoot = "";
			targets = (
				FD1DED2F28B119E800D4A485 /* MONestedScrollView */,
			);
		};
/* End PBXProject section */

/* Begin PBXResourcesBuildPhase section */
		FD1DED2E28B119E800D4A485 /* Resources */ = {
			isa = PBXResourcesBuildPhase;
			buildActionMask = 2147483647;
			files = (
				FD1DED4028B119E900D4A485 /* LaunchScreen.storyboard in Resources */,
				FD1DED3D28B119E900D4A485 /* Assets.xcassets in Resources */,
				FD1DED3B28B119E800D4A485 /* Main.storyboard in Resources */,
			);
			runOnlyForDeploymentPostprocessing = 0;
		};
/* End PBXResourcesBuildPhase section */

/* Begin PBXSourcesBuildPhase section */
		FD1DED2C28B119E800D4A485 /* Sources */ = {
			isa = PBXSourcesBuildPhase;
			buildActionMask = 2147483647;
			files = (
				FD1DED5228B11A6900D4A485 /* MOSubScrollExecutor.swift in Sources */,
				FD1DED5028B11A6900D4A485 /* MOMultiResponseScrollView.swift in Sources */,
				FD1DED5328B11A6900D4A485 /* MOSubScrollViewProtocol.swift in Sources */,
				FD1DED5428B11A6900D4A485 /* MOWebViewController.swift in Sources */,
				FD1DED3828B119E800D4A485 /* ViewController.swift in Sources */,
				FD1DED4F28B11A6900D4A485 /* MOTableViewController.swift in Sources */,
				FD1DED3428B119E800D4A485 /* AppDelegate.swift in Sources */,
				FD1DED4E28B11A6900D4A485 /* MOMultiTabContainerViewController.swift in Sources */,
				FD1DED3628B119E800D4A485 /* SceneDelegate.swift in Sources */,
				FD1DED5128B11A6900D4A485 /* MONestedScrollViewController.swift in Sources */,
			);
			runOnlyForDeploymentPostprocessing = 0;
		};
/* End PBXSourcesBuildPhase section */

/* Begin PBXVariantGroup section */
		FD1DED3928B119E800D4A485 /* Main.storyboard */ = {
			isa = PBXVariantGroup;
			children = (
				FD1DED3A28B119E800D4A485 /* Base */,
			);
			name = Main.storyboard;
			sourceTree = "<group>";
		};
		FD1DED3E28B119E900D4A485 /* LaunchScreen.storyboard */ = {
			isa = PBXVariantGroup;
			children = (
				FD1DED3F28B119E900D4A485 /* Base */,
			);
			name = LaunchScreen.storyboard;
			sourceTree = "<group>";
		};
/* End PBXVariantGroup section */

/* Begin XCBuildConfiguration section */
		FD1DED4228B119E900D4A485 /* Debug */ = {
			isa = XCBuildConfiguration;
			buildSettings = {
				ALWAYS_SEARCH_USER_PATHS = NO;
				CLANG_ANALYZER_NONNULL = YES;
				CLANG_ANALYZER_NUMBER_OBJECT_CONVERSION = YES_AGGRESSIVE;
				CLANG_CXX_LANGUAGE_STANDARD = "gnu++17";
				CLANG_CXX_LIBRARY = "libc++";
				CLANG_ENABLE_MODULES = YES;
				CLANG_ENABLE_OBJC_ARC = YES;
				CLANG_ENABLE_OBJC_WEAK = YES;
				CLANG_WARN_BLOCK_CAPTURE_AUTORELEASING = YES;
				CLANG_WARN_BOOL_CONVERSION = YES;
				CLANG_WARN_COMMA = YES;
				CLANG_WARN_CONSTANT_CONVERSION = YES;
				CLANG_WARN_DEPRECATED_OBJC_IMPLEMENTATIONS = YES;
				CLANG_WARN_DIRECT_OBJC_ISA_USAGE = YES_ERROR;
				CLANG_WARN_DOCUMENTATION_COMMENTS = YES;
				CLANG_WARN_EMPTY_BODY = YES;
				CLANG_WARN_ENUM_CONVERSION = YES;
				CLANG_WARN_INFINITE_RECURSION = YES;
				CLANG_WARN_INT_CONVERSION = YES;
				CLANG_WARN_NON_LITERAL_NULL_CONVERSION = YES;
				CLANG_WARN_OBJC_IMPLICIT_RETAIN_SELF = YES;
				CLANG_WARN_OBJC_LITERAL_CONVERSION = YES;
				CLANG_WARN_OBJC_ROOT_CLASS = YES_ERROR;
				CLANG_WARN_QUOTED_INCLUDE_IN_FRAMEWORK_HEADER = YES;
				CLANG_WARN_RANGE_LOOP_ANALYSIS = YES;
				CLANG_WARN_STRICT_PROTOTYPES = YES;
				CLANG_WARN_SUSPICIOUS_MOVE = YES;
				CLANG_WARN_UNGUARDED_AVAILABILITY = YES_AGGRESSIVE;
				CLANG_WARN_UNREACHABLE_CODE = YES;
				CLANG_WARN__DUPLICATE_METHOD_MATCH = YES;
				COPY_PHASE_STRIP = NO;
				DEBUG_INFORMATION_FORMAT = dwarf;
				ENABLE_STRICT_OBJC_MSGSEND = YES;
				ENABLE_TESTABILITY = YES;
				GCC_C_LANGUAGE_STANDARD = gnu11;
				GCC_DYNAMIC_NO_PIC = NO;
				GCC_NO_COMMON_BLOCKS = YES;
				GCC_OPTIMIZATION_LEVEL = 0;
				GCC_PREPROCESSOR_DEFINITIONS = (
					"DEBUG=1",
					"$(inherited)",
				);
				GCC_WARN_64_TO_32_BIT_CONVERSION = YES;
				GCC_WARN_ABOUT_RETURN_TYPE = YES_ERROR;
				GCC_WARN_UNDECLARED_SELECTOR = YES;
				GCC_WARN_UNINITIALIZED_AUTOS = YES_AGGRESSIVE;
				GCC_WARN_UNUSED_FUNCTION = YES;
				GCC_WARN_UNUSED_VARIABLE = YES;
				IPHONEOS_DEPLOYMENT_TARGET = 15.2;
				MTL_ENABLE_DEBUG_INFO = INCLUDE_SOURCE;
				MTL_FAST_MATH = YES;
				ONLY_ACTIVE_ARCH = YES;
				SDKROOT = iphoneos;
				SWIFT_ACTIVE_COMPILATION_CONDITIONS = DEBUG;
				SWIFT_OPTIMIZATION_LEVEL = "-Onone";
			};
			name = Debug;
		};
		FD1DED4328B119E900D4A485 /* Release */ = {
			isa = XCBuildConfiguration;
			buildSettings = {
				ALWAYS_SEARCH_USER_PATHS = NO;
				CLANG_ANALYZER_NONNULL = YES;
				CLANG_ANALYZER_NUMBER_OBJECT_CONVERSION = YES_AGGRESSIVE;
				CLANG_CXX_LANGUAGE_STANDARD = "gnu++17";
				CLANG_CXX_LIBRARY = "libc++";
				CLANG_ENABLE_MODULES = YES;
				CLANG_ENABLE_OBJC_ARC = YES;
				CLANG_ENABLE_OBJC_WEAK = YES;
				CLANG_WARN_BLOCK_CAPTURE_AUTORELEASING = YES;
				CLANG_WARN_BOOL_CONVERSION = YES;
				CLANG_WARN_COMMA = YES;
				CLANG_WARN_CONSTANT_CONVERSION = YES;
				CLANG_WARN_DEPRECATED_OBJC_IMPLEMENTATIONS = YES;
				CLANG_WARN_DIRECT_OBJC_ISA_USAGE = YES_ERROR;
				CLANG_WARN_DOCUMENTATION_COMMENTS = YES;
				CLANG_WARN_EMPTY_BODY = YES;
				CLANG_WARN_ENUM_CONVERSION = YES;
				CLANG_WARN_INFINITE_RECURSION = YES;
				CLANG_WARN_INT_CONVERSION = YES;
				CLANG_WARN_NON_LITERAL_NULL_CONVERSION = YES;
				CLANG_WARN_OBJC_IMPLICIT_RETAIN_SELF = YES;
				CLANG_WARN_OBJC_LITERAL_CONVERSION = YES;
				CLANG_WARN_OBJC_ROOT_CLASS = YES_ERROR;
				CLANG_WARN_QUOTED_INCLUDE_IN_FRAMEWORK_HEADER = YES;
				CLANG_WARN_RANGE_LOOP_ANALYSIS = YES;
				CLANG_WARN_STRICT_PROTOTYPES = YES;
				CLANG_WARN_SUSPICIOUS_MOVE = YES;
				CLANG_WARN_UNGUARDED_AVAILABILITY = YES_AGGRESSIVE;
				CLANG_WARN_UNREACHABLE_CODE = YES;
				CLANG_WARN__DUPLICATE_METHOD_MATCH = YES;
				COPY_PHASE_STRIP = NO;
				DEBUG_INFORMATION_FORMAT = "dwarf-with-dsym";
				ENABLE_NS_ASSERTIONS = NO;
				ENABLE_STRICT_OBJC_MSGSEND = YES;
				GCC_C_LANGUAGE_STANDARD = gnu11;
				GCC_NO_COMMON_BLOCKS = YES;
				GCC_WARN_64_TO_32_BIT_CONVERSION = YES;
				GCC_WARN_ABOUT_RETURN_TYPE = YES_ERROR;
				GCC_WARN_UNDECLARED_SELECTOR = YES;
				GCC_WARN_UNINITIALIZED_AUTOS = YES_AGGRESSIVE;
				GCC_WARN_UNUSED_FUNCTION = YES;
				GCC_WARN_UNUSED_VARIABLE = YES;
				IPHONEOS_DEPLOYMENT_TARGET = 15.2;
				MTL_ENABLE_DEBUG_INFO = NO;
				MTL_FAST_MATH = YES;
				SDKROOT = iphoneos;
				SWIFT_COMPILATION_MODE = wholemodule;
				SWIFT_OPTIMIZATION_LEVEL = "-O";
				VALIDATE_PRODUCT = YES;
			};
			name = Release;
		};
		FD1DED4528B119E900D4A485 /* Debug */ = {
			isa = XCBuildConfiguration;
			buildSettings = {
				ASSETCATALOG_COMPILER_APPICON_NAME = AppIcon;
				ASSETCATALOG_COMPILER_GLOBAL_ACCENT_COLOR_NAME = AccentColor;
				CODE_SIGN_STYLE = Automatic;
				CURRENT_PROJECT_VERSION = 1;
				DEVELOPMENT_TEAM = 9WUQQBVA6S;
				GENERATE_INFOPLIST_FILE = YES;
				INFOPLIST_FILE = MONestedScrollView/Info.plist;
				INFOPLIST_KEY_UIApplicationSupportsIndirectInputEvents = YES;
				INFOPLIST_KEY_UILaunchStoryboardName = LaunchScreen;
				INFOPLIST_KEY_UIMainStoryboardFile = Main;
				INFOPLIST_KEY_UISupportedInterfaceOrientations_iPad = "UIInterfaceOrientationPortrait UIInterfaceOrientationPortraitUpsideDown UIInterfaceOrientationLandscapeLeft UIInterfaceOrientationLandscapeRight";
				INFOPLIST_KEY_UISupportedInterfaceOrientations_iPhone = "UIInterfaceOrientationPortrait UIInterfaceOrientationLandscapeLeft UIInterfaceOrientationLandscapeRight";
				LD_RUNPATH_SEARCH_PATHS = (
					"$(inherited)",
					"@executable_path/Frameworks",
				);
				MARKETING_VERSION = 1.0;
				PRODUCT_BUNDLE_IDENTIFIER = mikimo.MONestedScrollView;
				PRODUCT_NAME = "$(TARGET_NAME)";
				SWIFT_EMIT_LOC_STRINGS = YES;
				SWIFT_VERSION = 5.0;
				TARGETED_DEVICE_FAMILY = "1,2";
			};
			name = Debug;
		};
		FD1DED4628B119E900D4A485 /* Release */ = {
			isa = XCBuildConfiguration;
			buildSettings = {
				ASSETCATALOG_COMPILER_APPICON_NAME = AppIcon;
				ASSETCATALOG_COMPILER_GLOBAL_ACCENT_COLOR_NAME = AccentColor;
				CODE_SIGN_STYLE = Automatic;
				CURRENT_PROJECT_VERSION = 1;
				DEVELOPMENT_TEAM = 9WUQQBVA6S;
				GENERATE_INFOPLIST_FILE = YES;
				INFOPLIST_FILE = MONestedScrollView/Info.plist;
				INFOPLIST_KEY_UIApplicationSupportsIndirectInputEvents = YES;
				INFOPLIST_KEY_UILaunchStoryboardName = LaunchScreen;
				INFOPLIST_KEY_UIMainStoryboardFile = Main;
				INFOPLIST_KEY_UISupportedInterfaceOrientations_iPad = "UIInterfaceOrientationPortrait UIInterfaceOrientationPortraitUpsideDown UIInterfaceOrientationLandscapeLeft UIInterfaceOrientationLandscapeRight";
				INFOPLIST_KEY_UISupportedInterfaceOrientations_iPhone = "UIInterfaceOrientationPortrait UIInterfaceOrientationLandscapeLeft UIInterfaceOrientationLandscapeRight";
				LD_RUNPATH_SEARCH_PATHS = (
					"$(inherited)",
					"@executable_path/Frameworks",
				);
				MARKETING_VERSION = 1.0;
				PRODUCT_BUNDLE_IDENTIFIER = mikimo.MONestedScrollView;
				PRODUCT_NAME = "$(TARGET_NAME)";
				SWIFT_EMIT_LOC_STRINGS = YES;
				SWIFT_VERSION = 5.0;
				TARGETED_DEVICE_FAMILY = "1,2";
			};
			name = Release;
		};
/* End XCBuildConfiguration section */

/* Begin XCConfigurationList section */
		FD1DED2B28B119E800D4A485 /* Build configuration list for PBXProject "MONestedScrollView" */ = {
			isa = XCConfigurationList;
			buildConfigurations = (
				FD1DED4228B119E900D4A485 /* Debug */,
				FD1DED4328B119E900D4A485 /* Release */,
			);
			defaultConfigurationIsVisible = 0;
			defaultConfigurationName = Release;
		};
		FD1DED4428B119E900D4A485 /* Build configuration list for PBXNativeTarget "MONestedScrollView" */ = {
			isa = XCConfigurationList;
			buildConfigurations = (
				FD1DED4528B119E900D4A485 /* Debug */,
				FD1DED4628B119E900D4A485 /* Release */,
			);
			defaultConfigurationIsVisible = 0;
			defaultConfigurationName = Release;
		};
/* End XCConfigurationList section */
	};
	rootObject = FD1DED2828B119E800D4A485 /* Project object */;
}
